// !$*UTF8*$!
{
	archiveVersion = 1;
	classes = {
	};
	objectVersion = 46;
	objects = {

/* Begin PBXBuildFile section */
		1A371B541DC05ACF00431D1F /* AppKit.framework in Frameworks */ = {isa = PBXBuildFile; fileRef = 1A371B531DC05ACF00431D1F /* AppKit.framework */; };
		1A81EDB71DBFADA300CF91A5 /* AppDelegate.m in Sources */ = {isa = PBXBuildFile; fileRef = 1A81EDB61DBFADA300CF91A5 /* AppDelegate.m */; };
		1A81EDBA1DBFADA300CF91A5 /* main.m in Sources */ = {isa = PBXBuildFile; fileRef = 1A81EDB91DBFADA300CF91A5 /* main.m */; };
		1A81EDBC1DBFADA300CF91A5 /* Assets.xcassets in Resources */ = {isa = PBXBuildFile; fileRef = 1A81EDBB1DBFADA300CF91A5 /* Assets.xcassets */; };
		1A81EDBF1DBFADA300CF91A5 /* MainMenu.xib in Resources */ = {isa = PBXBuildFile; fileRef = 1A81EDBD1DBFADA300CF91A5 /* MainMenu.xib */; };
		1A81EDCD1DBFAF9F00CF91A5 /* GameView.mm in Sources */ = {isa = PBXBuildFile; fileRef = 1A81EDCC1DBFAF9F00CF91A5 /* GameView.mm */; };
		1A81EE141DBFBF4C00CF91A5 /* Mat4.cpp in Sources */ = {isa = PBXBuildFile; fileRef = 1A81EDFF1DBFBF4C00CF91A5 /* Mat4.cpp */; };
		1A81EE151DBFBF4C00CF91A5 /* Mat4.inl in Resources */ = {isa = PBXBuildFile; fileRef = 1A81EE011DBFBF4C00CF91A5 /* Mat4.inl */; };
		1A81EE161DBFBF4C00CF91A5 /* MathUtil.cpp in Sources */ = {isa = PBXBuildFile; fileRef = 1A81EE021DBFBF4C00CF91A5 /* MathUtil.cpp */; };
		1A81EE171DBFBF4C00CF91A5 /* MathUtil.inl in Resources */ = {isa = PBXBuildFile; fileRef = 1A81EE041DBFBF4C00CF91A5 /* MathUtil.inl */; };
		1A81EE181DBFBF4C00CF91A5 /* MathUtilNeon.inl in Resources */ = {isa = PBXBuildFile; fileRef = 1A81EE051DBFBF4C00CF91A5 /* MathUtilNeon.inl */; };
		1A81EE191DBFBF4C00CF91A5 /* MathUtilNeon64.inl in Resources */ = {isa = PBXBuildFile; fileRef = 1A81EE061DBFBF4C00CF91A5 /* MathUtilNeon64.inl */; };
		1A81EE1A1DBFBF4C00CF91A5 /* MathUtilSSE.inl in Resources */ = {isa = PBXBuildFile; fileRef = 1A81EE071DBFBF4C00CF91A5 /* MathUtilSSE.inl */; };
		1A81EE1B1DBFBF4C00CF91A5 /* Quaternion.cpp in Sources */ = {isa = PBXBuildFile; fileRef = 1A81EE081DBFBF4C00CF91A5 /* Quaternion.cpp */; };
		1A81EE1C1DBFBF4C00CF91A5 /* Quaternion.inl in Resources */ = {isa = PBXBuildFile; fileRef = 1A81EE0A1DBFBF4C00CF91A5 /* Quaternion.inl */; };
		1A81EE1D1DBFBF4C00CF91A5 /* Vec2.cpp in Sources */ = {isa = PBXBuildFile; fileRef = 1A81EE0B1DBFBF4C00CF91A5 /* Vec2.cpp */; };
		1A81EE1E1DBFBF4C00CF91A5 /* Vec2.inl in Resources */ = {isa = PBXBuildFile; fileRef = 1A81EE0D1DBFBF4C00CF91A5 /* Vec2.inl */; };
		1A81EE1F1DBFBF4C00CF91A5 /* Vec3.cpp in Sources */ = {isa = PBXBuildFile; fileRef = 1A81EE0E1DBFBF4C00CF91A5 /* Vec3.cpp */; };
		1A81EE201DBFBF4C00CF91A5 /* Vec3.inl in Resources */ = {isa = PBXBuildFile; fileRef = 1A81EE101DBFBF4C00CF91A5 /* Vec3.inl */; };
		1A81EE211DBFBF4C00CF91A5 /* Vec4.cpp in Sources */ = {isa = PBXBuildFile; fileRef = 1A81EE111DBFBF4C00CF91A5 /* Vec4.cpp */; };
		1A81EE221DBFBF4C00CF91A5 /* Vec4.inl in Resources */ = {isa = PBXBuildFile; fileRef = 1A81EE131DBFBF4C00CF91A5 /* Vec4.inl */; };
		1A81EE261DBFC13900CF91A5 /* Game.cpp in Sources */ = {isa = PBXBuildFile; fileRef = 1A81EE241DBFC13900CF91A5 /* Game.cpp */; };
		1A81EE291DBFC27C00CF91A5 /* Device.cpp in Sources */ = {isa = PBXBuildFile; fileRef = 1A81EE271DBFC27C00CF91A5 /* Device.cpp */; };
		1A81EE2C1DBFC32900CF91A5 /* Bitmap.cpp in Sources */ = {isa = PBXBuildFile; fileRef = 1A81EE2A1DBFC32900CF91A5 /* Bitmap.cpp */; };
		1A81EE301DBFC97600CF91A5 /* Camera.cpp in Sources */ = {isa = PBXBuildFile; fileRef = 1A81EE2E1DBFC97600CF91A5 /* Camera.cpp */; };
		1A81EE331DBFC98B00CF91A5 /* Mesh.cpp in Sources */ = {isa = PBXBuildFile; fileRef = 1A81EE311DBFC98B00CF91A5 /* Mesh.cpp */; };
		1A81EE361DC03E5500CF91A5 /* Ref.cpp in Sources */ = {isa = PBXBuildFile; fileRef = 1A81EE341DC03E5500CF91A5 /* Ref.cpp */; };
		1AE679A71DC1AFF300AA0A0E /* FileSystem.cpp in Sources */ = {isa = PBXBuildFile; fileRef = 1AE679A51DC1AFF300AA0A0E /* FileSystem.cpp */; };
		1AE9207C1DC1B14100EDB90A /* models in Resources */ = {isa = PBXBuildFile; fileRef = 1AE9207B1DC1B14100EDB90A /* models */; };
/* End PBXBuildFile section */

/* Begin PBXFileReference section */
		1A371B531DC05ACF00431D1F /* AppKit.framework */ = {isa = PBXFileReference; lastKnownFileType = wrapper.framework; name = AppKit.framework; path = System/Library/Frameworks/AppKit.framework; sourceTree = SDKROOT; };
		1A81EDB21DBFADA300CF91A5 /* SWGameEngine.app */ = {isa = PBXFileReference; explicitFileType = wrapper.application; includeInIndex = 0; path = SWGameEngine.app; sourceTree = BUILT_PRODUCTS_DIR; };
		1A81EDB51DBFADA300CF91A5 /* AppDelegate.h */ = {isa = PBXFileReference; lastKnownFileType = sourcecode.c.h; path = AppDelegate.h; sourceTree = "<group>"; };
		1A81EDB61DBFADA300CF91A5 /* AppDelegate.m */ = {isa = PBXFileReference; lastKnownFileType = sourcecode.c.objc; path = AppDelegate.m; sourceTree = "<group>"; };
		1A81EDB91DBFADA300CF91A5 /* main.m */ = {isa = PBXFileReference; lastKnownFileType = sourcecode.c.objc; path = main.m; sourceTree = "<group>"; };
		1A81EDBB1DBFADA300CF91A5 /* Assets.xcassets */ = {isa = PBXFileReference; lastKnownFileType = folder.assetcatalog; path = Assets.xcassets; sourceTree = "<group>"; };
		1A81EDBE1DBFADA300CF91A5 /* Base */ = {isa = PBXFileReference; lastKnownFileType = file.xib; name = Base; path = Base.lproj/MainMenu.xib; sourceTree = "<group>"; };
		1A81EDC01DBFADA300CF91A5 /* Info.plist */ = {isa = PBXFileReference; lastKnownFileType = text.plist.xml; path = Info.plist; sourceTree = "<group>"; };
		1A81EDCB1DBFAF9F00CF91A5 /* GameView.h */ = {isa = PBXFileReference; fileEncoding = 4; lastKnownFileType = sourcecode.c.h; path = GameView.h; sourceTree = "<group>"; };
		1A81EDCC1DBFAF9F00CF91A5 /* GameView.mm */ = {isa = PBXFileReference; fileEncoding = 4; lastKnownFileType = sourcecode.cpp.objcpp; path = GameView.mm; sourceTree = "<group>"; };
		1A81EDFD1DBFBF4C00CF91A5 /* CCMath.h */ = {isa = PBXFileReference; fileEncoding = 4; lastKnownFileType = sourcecode.c.h; path = CCMath.h; sourceTree = "<group>"; };
		1A81EDFE1DBFBF4C00CF91A5 /* CCMathBase.h */ = {isa = PBXFileReference; fileEncoding = 4; lastKnownFileType = sourcecode.c.h; path = CCMathBase.h; sourceTree = "<group>"; };
		1A81EDFF1DBFBF4C00CF91A5 /* Mat4.cpp */ = {isa = PBXFileReference; fileEncoding = 4; lastKnownFileType = sourcecode.cpp.cpp; path = Mat4.cpp; sourceTree = "<group>"; };
		1A81EE001DBFBF4C00CF91A5 /* Mat4.h */ = {isa = PBXFileReference; fileEncoding = 4; lastKnownFileType = sourcecode.c.h; path = Mat4.h; sourceTree = "<group>"; };
		1A81EE011DBFBF4C00CF91A5 /* Mat4.inl */ = {isa = PBXFileReference; fileEncoding = 4; lastKnownFileType = text; path = Mat4.inl; sourceTree = "<group>"; };
		1A81EE021DBFBF4C00CF91A5 /* MathUtil.cpp */ = {isa = PBXFileReference; fileEncoding = 4; lastKnownFileType = sourcecode.cpp.cpp; path = MathUtil.cpp; sourceTree = "<group>"; };
		1A81EE031DBFBF4C00CF91A5 /* MathUtil.h */ = {isa = PBXFileReference; fileEncoding = 4; lastKnownFileType = sourcecode.c.h; path = MathUtil.h; sourceTree = "<group>"; };
		1A81EE041DBFBF4C00CF91A5 /* MathUtil.inl */ = {isa = PBXFileReference; fileEncoding = 4; lastKnownFileType = text; path = MathUtil.inl; sourceTree = "<group>"; };
		1A81EE051DBFBF4C00CF91A5 /* MathUtilNeon.inl */ = {isa = PBXFileReference; fileEncoding = 4; lastKnownFileType = text; path = MathUtilNeon.inl; sourceTree = "<group>"; };
		1A81EE061DBFBF4C00CF91A5 /* MathUtilNeon64.inl */ = {isa = PBXFileReference; fileEncoding = 4; lastKnownFileType = text; path = MathUtilNeon64.inl; sourceTree = "<group>"; };
		1A81EE071DBFBF4C00CF91A5 /* MathUtilSSE.inl */ = {isa = PBXFileReference; fileEncoding = 4; lastKnownFileType = text; path = MathUtilSSE.inl; sourceTree = "<group>"; };
		1A81EE081DBFBF4C00CF91A5 /* Quaternion.cpp */ = {isa = PBXFileReference; fileEncoding = 4; lastKnownFileType = sourcecode.cpp.cpp; path = Quaternion.cpp; sourceTree = "<group>"; };
		1A81EE091DBFBF4C00CF91A5 /* Quaternion.h */ = {isa = PBXFileReference; fileEncoding = 4; lastKnownFileType = sourcecode.c.h; path = Quaternion.h; sourceTree = "<group>"; };
		1A81EE0A1DBFBF4C00CF91A5 /* Quaternion.inl */ = {isa = PBXFileReference; fileEncoding = 4; lastKnownFileType = text; path = Quaternion.inl; sourceTree = "<group>"; };
		1A81EE0B1DBFBF4C00CF91A5 /* Vec2.cpp */ = {isa = PBXFileReference; fileEncoding = 4; lastKnownFileType = sourcecode.cpp.cpp; path = Vec2.cpp; sourceTree = "<group>"; };
		1A81EE0C1DBFBF4C00CF91A5 /* Vec2.h */ = {isa = PBXFileReference; fileEncoding = 4; lastKnownFileType = sourcecode.c.h; path = Vec2.h; sourceTree = "<group>"; };
		1A81EE0D1DBFBF4C00CF91A5 /* Vec2.inl */ = {isa = PBXFileReference; fileEncoding = 4; lastKnownFileType = text; path = Vec2.inl; sourceTree = "<group>"; };
		1A81EE0E1DBFBF4C00CF91A5 /* Vec3.cpp */ = {isa = PBXFileReference; fileEncoding = 4; lastKnownFileType = sourcecode.cpp.cpp; path = Vec3.cpp; sourceTree = "<group>"; };
		1A81EE0F1DBFBF4C00CF91A5 /* Vec3.h */ = {isa = PBXFileReference; fileEncoding = 4; lastKnownFileType = sourcecode.c.h; path = Vec3.h; sourceTree = "<group>"; };
		1A81EE101DBFBF4C00CF91A5 /* Vec3.inl */ = {isa = PBXFileReference; fileEncoding = 4; lastKnownFileType = text; path = Vec3.inl; sourceTree = "<group>"; };
		1A81EE111DBFBF4C00CF91A5 /* Vec4.cpp */ = {isa = PBXFileReference; fileEncoding = 4; lastKnownFileType = sourcecode.cpp.cpp; path = Vec4.cpp; sourceTree = "<group>"; };
		1A81EE121DBFBF4C00CF91A5 /* Vec4.h */ = {isa = PBXFileReference; fileEncoding = 4; lastKnownFileType = sourcecode.c.h; path = Vec4.h; sourceTree = "<group>"; };
		1A81EE131DBFBF4C00CF91A5 /* Vec4.inl */ = {isa = PBXFileReference; fileEncoding = 4; lastKnownFileType = text; path = Vec4.inl; sourceTree = "<group>"; };
		1A81EE241DBFC13900CF91A5 /* Game.cpp */ = {isa = PBXFileReference; fileEncoding = 4; lastKnownFileType = sourcecode.cpp.cpp; path = Game.cpp; sourceTree = "<group>"; };
		1A81EE251DBFC13900CF91A5 /* Game.hpp */ = {isa = PBXFileReference; fileEncoding = 4; lastKnownFileType = sourcecode.cpp.h; path = Game.hpp; sourceTree = "<group>"; };
		1A81EE271DBFC27C00CF91A5 /* Device.cpp */ = {isa = PBXFileReference; fileEncoding = 4; lastKnownFileType = sourcecode.cpp.cpp; path = Device.cpp; sourceTree = "<group>"; };
		1A81EE281DBFC27C00CF91A5 /* Device.hpp */ = {isa = PBXFileReference; fileEncoding = 4; lastKnownFileType = sourcecode.cpp.h; path = Device.hpp; sourceTree = "<group>"; };
		1A81EE2A1DBFC32900CF91A5 /* Bitmap.cpp */ = {isa = PBXFileReference; fileEncoding = 4; lastKnownFileType = sourcecode.cpp.cpp; path = Bitmap.cpp; sourceTree = "<group>"; };
		1A81EE2B1DBFC32900CF91A5 /* Bitmap.hpp */ = {isa = PBXFileReference; fileEncoding = 4; lastKnownFileType = sourcecode.cpp.h; path = Bitmap.hpp; sourceTree = "<group>"; };
		1A81EE2D1DBFC3C100CF91A5 /* Base.hpp */ = {isa = PBXFileReference; fileEncoding = 4; lastKnownFileType = sourcecode.cpp.h; path = Base.hpp; sourceTree = "<group>"; };
		1A81EE2E1DBFC97600CF91A5 /* Camera.cpp */ = {isa = PBXFileReference; fileEncoding = 4; lastKnownFileType = sourcecode.cpp.cpp; path = Camera.cpp; sourceTree = "<group>"; };
		1A81EE2F1DBFC97600CF91A5 /* Camera.hpp */ = {isa = PBXFileReference; fileEncoding = 4; lastKnownFileType = sourcecode.cpp.h; path = Camera.hpp; sourceTree = "<group>"; };
		1A81EE311DBFC98B00CF91A5 /* Mesh.cpp */ = {isa = PBXFileReference; fileEncoding = 4; lastKnownFileType = sourcecode.cpp.cpp; path = Mesh.cpp; sourceTree = "<group>"; };
		1A81EE321DBFC98B00CF91A5 /* Mesh.hpp */ = {isa = PBXFileReference; fileEncoding = 4; lastKnownFileType = sourcecode.cpp.h; path = Mesh.hpp; sourceTree = "<group>"; };
		1A81EE341DC03E5500CF91A5 /* Ref.cpp */ = {isa = PBXFileReference; fileEncoding = 4; lastKnownFileType = sourcecode.cpp.cpp; path = Ref.cpp; sourceTree = "<group>"; };
		1A81EE351DC03E5500CF91A5 /* Ref.hpp */ = {isa = PBXFileReference; fileEncoding = 4; lastKnownFileType = sourcecode.cpp.h; path = Ref.hpp; sourceTree = "<group>"; };
		1AE679A51DC1AFF300AA0A0E /* FileSystem.cpp */ = {isa = PBXFileReference; fileEncoding = 4; lastKnownFileType = sourcecode.cpp.cpp; path = FileSystem.cpp; sourceTree = "<group>"; };
		1AE679A61DC1AFF300AA0A0E /* FileSystem.h */ = {isa = PBXFileReference; fileEncoding = 4; lastKnownFileType = sourcecode.c.h; path = FileSystem.h; sourceTree = "<group>"; };
		1AE9207B1DC1B14100EDB90A /* models */ = {isa = PBXFileReference; lastKnownFileType = folder; name = models; path = SWGameEngine/Resources/models; sourceTree = "<group>"; };
		1AE9207D1DC1B26200EDB90A /* CompileConfig.h */ = {isa = PBXFileReference; fileEncoding = 4; lastKnownFileType = sourcecode.c.h; path = CompileConfig.h; sourceTree = "<group>"; };
		1AE9207E1DC1B26200EDB90A /* Noncopyable.h */ = {isa = PBXFileReference; fileEncoding = 4; lastKnownFileType = sourcecode.c.h; path = Noncopyable.h; sourceTree = "<group>"; };
		1AE920821DC1B39E00EDB90A /* allocators.h */ = {isa = PBXFileReference; fileEncoding = 4; lastKnownFileType = sourcecode.c.h; path = allocators.h; sourceTree = "<group>"; };
		1AE920831DC1B39E00EDB90A /* document.h */ = {isa = PBXFileReference; fileEncoding = 4; lastKnownFileType = sourcecode.c.h; path = document.h; sourceTree = "<group>"; };
		1AE920841DC1B39E00EDB90A /* encodedstream.h */ = {isa = PBXFileReference; fileEncoding = 4; lastKnownFileType = sourcecode.c.h; path = encodedstream.h; sourceTree = "<group>"; };
		1AE920851DC1B39E00EDB90A /* encodings.h */ = {isa = PBXFileReference; fileEncoding = 4; lastKnownFileType = sourcecode.c.h; path = encodings.h; sourceTree = "<group>"; };
		1AE920871DC1B39E00EDB90A /* en.h */ = {isa = PBXFileReference; fileEncoding = 4; lastKnownFileType = sourcecode.c.h; path = en.h; sourceTree = "<group>"; };
		1AE920881DC1B39E00EDB90A /* error.h */ = {isa = PBXFileReference; fileEncoding = 4; lastKnownFileType = sourcecode.c.h; path = error.h; sourceTree = "<group>"; };
		1AE920891DC1B39E00EDB90A /* filereadstream.h */ = {isa = PBXFileReference; fileEncoding = 4; lastKnownFileType = sourcecode.c.h; path = filereadstream.h; sourceTree = "<group>"; };
		1AE9208A1DC1B39E00EDB90A /* filestream.h */ = {isa = PBXFileReference; fileEncoding = 4; lastKnownFileType = sourcecode.c.h; path = filestream.h; sourceTree = "<group>"; };
		1AE9208B1DC1B39E00EDB90A /* filewritestream.h */ = {isa = PBXFileReference; fileEncoding = 4; lastKnownFileType = sourcecode.c.h; path = filewritestream.h; sourceTree = "<group>"; };
		1AE9208D1DC1B39E00EDB90A /* biginteger.h */ = {isa = PBXFileReference; fileEncoding = 4; lastKnownFileType = sourcecode.c.h; path = biginteger.h; sourceTree = "<group>"; };
		1AE9208E1DC1B39E00EDB90A /* diyfp.h */ = {isa = PBXFileReference; fileEncoding = 4; lastKnownFileType = sourcecode.c.h; path = diyfp.h; sourceTree = "<group>"; };
		1AE9208F1DC1B39E00EDB90A /* dtoa.h */ = {isa = PBXFileReference; fileEncoding = 4; lastKnownFileType = sourcecode.c.h; path = dtoa.h; sourceTree = "<group>"; };
		1AE920901DC1B39E00EDB90A /* ieee754.h */ = {isa = PBXFileReference; fileEncoding = 4; lastKnownFileType = sourcecode.c.h; path = ieee754.h; sourceTree = "<group>"; };
		1AE920911DC1B39E00EDB90A /* itoa.h */ = {isa = PBXFileReference; fileEncoding = 4; lastKnownFileType = sourcecode.c.h; path = itoa.h; sourceTree = "<group>"; };
		1AE920921DC1B39E00EDB90A /* meta.h */ = {isa = PBXFileReference; fileEncoding = 4; lastKnownFileType = sourcecode.c.h; path = meta.h; sourceTree = "<group>"; };
		1AE920931DC1B39E00EDB90A /* pow10.h */ = {isa = PBXFileReference; fileEncoding = 4; lastKnownFileType = sourcecode.c.h; path = pow10.h; sourceTree = "<group>"; };
		1AE920941DC1B39E00EDB90A /* stack.h */ = {isa = PBXFileReference; fileEncoding = 4; lastKnownFileType = sourcecode.c.h; path = stack.h; sourceTree = "<group>"; };
		1AE920951DC1B39E00EDB90A /* strfunc.h */ = {isa = PBXFileReference; fileEncoding = 4; lastKnownFileType = sourcecode.c.h; path = strfunc.h; sourceTree = "<group>"; };
		1AE920961DC1B39E00EDB90A /* strtod.h */ = {isa = PBXFileReference; fileEncoding = 4; lastKnownFileType = sourcecode.c.h; path = strtod.h; sourceTree = "<group>"; };
		1AE920971DC1B39E00EDB90A /* memorybuffer.h */ = {isa = PBXFileReference; fileEncoding = 4; lastKnownFileType = sourcecode.c.h; path = memorybuffer.h; sourceTree = "<group>"; };
		1AE920981DC1B39E00EDB90A /* memorystream.h */ = {isa = PBXFileReference; fileEncoding = 4; lastKnownFileType = sourcecode.c.h; path = memorystream.h; sourceTree = "<group>"; };
		1AE9209C1DC1B39E00EDB90A /* prettywriter.h */ = {isa = PBXFileReference; fileEncoding = 4; lastKnownFileType = sourcecode.c.h; path = prettywriter.h; sourceTree = "<group>"; };
		1AE9209D1DC1B39E00EDB90A /* rapidjson.h */ = {isa = PBXFileReference; fileEncoding = 4; lastKnownFileType = sourcecode.c.h; path = rapidjson.h; sourceTree = "<group>"; };
		1AE9209E1DC1B39E00EDB90A /* reader.h */ = {isa = PBXFileReference; fileEncoding = 4; lastKnownFileType = sourcecode.c.h; path = reader.h; sourceTree = "<group>"; };
		1AE9209F1DC1B39E00EDB90A /* stringbuffer.h */ = {isa = PBXFileReference; fileEncoding = 4; lastKnownFileType = sourcecode.c.h; path = stringbuffer.h; sourceTree = "<group>"; };
		1AE920A01DC1B39E00EDB90A /* writer.h */ = {isa = PBXFileReference; fileEncoding = 4; lastKnownFileType = sourcecode.c.h; path = writer.h; sourceTree = "<group>"; };
/* End PBXFileReference section */

/* Begin PBXFrameworksBuildPhase section */
		1A81EDAF1DBFADA300CF91A5 /* Frameworks */ = {
			isa = PBXFrameworksBuildPhase;
			buildActionMask = 2147483647;
			files = (
				1A371B541DC05ACF00431D1F /* AppKit.framework in Frameworks */,
			);
			runOnlyForDeploymentPostprocessing = 0;
		};
/* End PBXFrameworksBuildPhase section */

/* Begin PBXGroup section */
		1A371B521DC05ACF00431D1F /* Frameworks */ = {
			isa = PBXGroup;
			children = (
				1A371B531DC05ACF00431D1F /* AppKit.framework */,
			);
			name = Frameworks;
			sourceTree = "<group>";
		};
		1A81EDA91DBFADA300CF91A5 = {
			isa = PBXGroup;
			children = (
				1AE920801DC1B39E00EDB90A /* external */,
				1AE9207A1DC1B13400EDB90A /* Resources */,
				1AE679A41DC1AFF300AA0A0E /* files */,
				1A81EE231DBFC13900CF91A5 /* core */,
				1A81EDFC1DBFBF4C00CF91A5 /* math */,
				1A81EDB41DBFADA300CF91A5 /* SWGameEngine */,
				1A81EDB31DBFADA300CF91A5 /* Products */,
				1A371B521DC05ACF00431D1F /* Frameworks */,
			);
			sourceTree = "<group>";
		};
		1A81EDB31DBFADA300CF91A5 /* Products */ = {
			isa = PBXGroup;
			children = (
				1A81EDB21DBFADA300CF91A5 /* SWGameEngine.app */,
			);
			name = Products;
			sourceTree = "<group>";
		};
		1A81EDB41DBFADA300CF91A5 /* SWGameEngine */ = {
			isa = PBXGroup;
			children = (
				1A81EDB51DBFADA300CF91A5 /* AppDelegate.h */,
				1A81EDB61DBFADA300CF91A5 /* AppDelegate.m */,
				1A81EDBB1DBFADA300CF91A5 /* Assets.xcassets */,
				1A81EDBD1DBFADA300CF91A5 /* MainMenu.xib */,
				1A81EDC01DBFADA300CF91A5 /* Info.plist */,
				1A81EDB81DBFADA300CF91A5 /* Supporting Files */,
				1A81EDCB1DBFAF9F00CF91A5 /* GameView.h */,
				1A81EDCC1DBFAF9F00CF91A5 /* GameView.mm */,
			);
			path = SWGameEngine;
			sourceTree = "<group>";
		};
		1A81EDB81DBFADA300CF91A5 /* Supporting Files */ = {
			isa = PBXGroup;
			children = (
				1A81EDB91DBFADA300CF91A5 /* main.m */,
			);
			name = "Supporting Files";
			sourceTree = "<group>";
		};
		1A81EDFC1DBFBF4C00CF91A5 /* math */ = {
			isa = PBXGroup;
			children = (
				1A81EDFD1DBFBF4C00CF91A5 /* CCMath.h */,
				1A81EDFE1DBFBF4C00CF91A5 /* CCMathBase.h */,
				1A81EDFF1DBFBF4C00CF91A5 /* Mat4.cpp */,
				1A81EE001DBFBF4C00CF91A5 /* Mat4.h */,
				1A81EE011DBFBF4C00CF91A5 /* Mat4.inl */,
				1A81EE021DBFBF4C00CF91A5 /* MathUtil.cpp */,
				1A81EE031DBFBF4C00CF91A5 /* MathUtil.h */,
				1A81EE041DBFBF4C00CF91A5 /* MathUtil.inl */,
				1A81EE051DBFBF4C00CF91A5 /* MathUtilNeon.inl */,
				1A81EE061DBFBF4C00CF91A5 /* MathUtilNeon64.inl */,
				1A81EE071DBFBF4C00CF91A5 /* MathUtilSSE.inl */,
				1A81EE081DBFBF4C00CF91A5 /* Quaternion.cpp */,
				1A81EE091DBFBF4C00CF91A5 /* Quaternion.h */,
				1A81EE0A1DBFBF4C00CF91A5 /* Quaternion.inl */,
				1A81EE0B1DBFBF4C00CF91A5 /* Vec2.cpp */,
				1A81EE0C1DBFBF4C00CF91A5 /* Vec2.h */,
				1A81EE0D1DBFBF4C00CF91A5 /* Vec2.inl */,
				1A81EE0E1DBFBF4C00CF91A5 /* Vec3.cpp */,
				1A81EE0F1DBFBF4C00CF91A5 /* Vec3.h */,
				1A81EE101DBFBF4C00CF91A5 /* Vec3.inl */,
				1A81EE111DBFBF4C00CF91A5 /* Vec4.cpp */,
				1A81EE121DBFBF4C00CF91A5 /* Vec4.h */,
				1A81EE131DBFBF4C00CF91A5 /* Vec4.inl */,
			);
			path = math;
			sourceTree = "<group>";
		};
		1A81EE231DBFC13900CF91A5 /* core */ = {
			isa = PBXGroup;
			children = (
				1AE9207D1DC1B26200EDB90A /* CompileConfig.h */,
				1AE9207E1DC1B26200EDB90A /* Noncopyable.h */,
				1A81EE2D1DBFC3C100CF91A5 /* Base.hpp */,
				1A81EE2A1DBFC32900CF91A5 /* Bitmap.cpp */,
				1A81EE2B1DBFC32900CF91A5 /* Bitmap.hpp */,
				1A81EE2E1DBFC97600CF91A5 /* Camera.cpp */,
				1A81EE2F1DBFC97600CF91A5 /* Camera.hpp */,
				1A81EE271DBFC27C00CF91A5 /* Device.cpp */,
				1A81EE281DBFC27C00CF91A5 /* Device.hpp */,
				1A81EE241DBFC13900CF91A5 /* Game.cpp */,
				1A81EE251DBFC13900CF91A5 /* Game.hpp */,
				1A81EE311DBFC98B00CF91A5 /* Mesh.cpp */,
				1A81EE321DBFC98B00CF91A5 /* Mesh.hpp */,
				1A81EE341DC03E5500CF91A5 /* Ref.cpp */,
				1A81EE351DC03E5500CF91A5 /* Ref.hpp */,
			);
			path = core;
			sourceTree = "<group>";
		};
		1AE679A41DC1AFF300AA0A0E /* files */ = {
			isa = PBXGroup;
			children = (
				1AE679A51DC1AFF300AA0A0E /* FileSystem.cpp */,
				1AE679A61DC1AFF300AA0A0E /* FileSystem.h */,
			);
			path = files;
			sourceTree = "<group>";
		};
		1AE9207A1DC1B13400EDB90A /* Resources */ = {
			isa = PBXGroup;
			children = (
				1AE9207B1DC1B14100EDB90A /* models */,
			);
			name = Resources;
			sourceTree = "<group>";
		};
		1AE920801DC1B39E00EDB90A /* external */ = {
			isa = PBXGroup;
			children = (
				1AE920811DC1B39E00EDB90A /* rapidjson */,
			);
			path = external;
			sourceTree = "<group>";
		};
		1AE920811DC1B39E00EDB90A /* rapidjson */ = {
			isa = PBXGroup;
			children = (
				1AE920821DC1B39E00EDB90A /* allocators.h */,
				1AE920831DC1B39E00EDB90A /* document.h */,
				1AE920841DC1B39E00EDB90A /* encodedstream.h */,
				1AE920851DC1B39E00EDB90A /* encodings.h */,
				1AE920861DC1B39E00EDB90A /* error */,
				1AE920891DC1B39E00EDB90A /* filereadstream.h */,
				1AE9208A1DC1B39E00EDB90A /* filestream.h */,
				1AE9208B1DC1B39E00EDB90A /* filewritestream.h */,
				1AE9208C1DC1B39E00EDB90A /* internal */,
				1AE920971DC1B39E00EDB90A /* memorybuffer.h */,
				1AE920981DC1B39E00EDB90A /* memorystream.h */,
				1AE9209C1DC1B39E00EDB90A /* prettywriter.h */,
				1AE9209D1DC1B39E00EDB90A /* rapidjson.h */,
				1AE9209E1DC1B39E00EDB90A /* reader.h */,
				1AE9209F1DC1B39E00EDB90A /* stringbuffer.h */,
				1AE920A01DC1B39E00EDB90A /* writer.h */,
			);
			path = rapidjson;
			sourceTree = "<group>";
		};
		1AE920861DC1B39E00EDB90A /* error */ = {
			isa = PBXGroup;
			children = (
				1AE920871DC1B39E00EDB90A /* en.h */,
				1AE920881DC1B39E00EDB90A /* error.h */,
			);
			path = error;
			sourceTree = "<group>";
		};
		1AE9208C1DC1B39E00EDB90A /* internal */ = {
			isa = PBXGroup;
			children = (
				1AE9208D1DC1B39E00EDB90A /* biginteger.h */,
				1AE9208E1DC1B39E00EDB90A /* diyfp.h */,
				1AE9208F1DC1B39E00EDB90A /* dtoa.h */,
				1AE920901DC1B39E00EDB90A /* ieee754.h */,
				1AE920911DC1B39E00EDB90A /* itoa.h */,
				1AE920921DC1B39E00EDB90A /* meta.h */,
				1AE920931DC1B39E00EDB90A /* pow10.h */,
				1AE920941DC1B39E00EDB90A /* stack.h */,
				1AE920951DC1B39E00EDB90A /* strfunc.h */,
				1AE920961DC1B39E00EDB90A /* strtod.h */,
			);
			path = internal;
			sourceTree = "<group>";
		};
/* End PBXGroup section */

/* Begin PBXNativeTarget section */
		1A81EDB11DBFADA300CF91A5 /* SWGameEngine */ = {
			isa = PBXNativeTarget;
			buildConfigurationList = 1A81EDC31DBFADA300CF91A5 /* Build configuration list for PBXNativeTarget "SWGameEngine" */;
			buildPhases = (
				1A81EDAE1DBFADA300CF91A5 /* Sources */,
				1A81EDAF1DBFADA300CF91A5 /* Frameworks */,
				1A81EDB01DBFADA300CF91A5 /* Resources */,
			);
			buildRules = (
			);
			dependencies = (
			);
			name = SWGameEngine;
			productName = SWGameEngine;
			productReference = 1A81EDB21DBFADA300CF91A5 /* SWGameEngine.app */;
			productType = "com.apple.product-type.application";
		};
/* End PBXNativeTarget section */

/* Begin PBXProject section */
		1A81EDAA1DBFADA300CF91A5 /* Project object */ = {
			isa = PBXProject;
			attributes = {
				LastUpgradeCheck = 0800;
				ORGANIZATIONNAME = "James Chen";
				TargetAttributes = {
					1A81EDB11DBFADA300CF91A5 = {
						CreatedOnToolsVersion = 8.0;
						ProvisioningStyle = Automatic;
					};
				};
			};
			buildConfigurationList = 1A81EDAD1DBFADA300CF91A5 /* Build configuration list for PBXProject "SWGameEngine" */;
			compatibilityVersion = "Xcode 3.2";
			developmentRegion = English;
			hasScannedForEncodings = 0;
			knownRegions = (
				en,
				Base,
			);
			mainGroup = 1A81EDA91DBFADA300CF91A5;
			productRefGroup = 1A81EDB31DBFADA300CF91A5 /* Products */;
			projectDirPath = "";
			projectRoot = "";
			targets = (
				1A81EDB11DBFADA300CF91A5 /* SWGameEngine */,
			);
		};
/* End PBXProject section */

/* Begin PBXResourcesBuildPhase section */
		1A81EDB01DBFADA300CF91A5 /* Resources */ = {
			isa = PBXResourcesBuildPhase;
			buildActionMask = 2147483647;
			files = (
				1A81EDBC1DBFADA300CF91A5 /* Assets.xcassets in Resources */,
				1A81EE181DBFBF4C00CF91A5 /* MathUtilNeon.inl in Resources */,
				1AE9207C1DC1B14100EDB90A /* models in Resources */,
				1A81EE221DBFBF4C00CF91A5 /* Vec4.inl in Resources */,
				1A81EE171DBFBF4C00CF91A5 /* MathUtil.inl in Resources */,
				1A81EE191DBFBF4C00CF91A5 /* MathUtilNeon64.inl in Resources */,
				1A81EDBF1DBFADA300CF91A5 /* MainMenu.xib in Resources */,
				1A81EE1E1DBFBF4C00CF91A5 /* Vec2.inl in Resources */,
				1A81EE201DBFBF4C00CF91A5 /* Vec3.inl in Resources */,
				1A81EE1C1DBFBF4C00CF91A5 /* Quaternion.inl in Resources */,
				1A81EE151DBFBF4C00CF91A5 /* Mat4.inl in Resources */,
				1A81EE1A1DBFBF4C00CF91A5 /* MathUtilSSE.inl in Resources */,
			);
			runOnlyForDeploymentPostprocessing = 0;
		};
/* End PBXResourcesBuildPhase section */

/* Begin PBXSourcesBuildPhase section */
		1A81EDAE1DBFADA300CF91A5 /* Sources */ = {
			isa = PBXSourcesBuildPhase;
			buildActionMask = 2147483647;
			files = (
				1A81EE301DBFC97600CF91A5 /* Camera.cpp in Sources */,
				1A81EE211DBFBF4C00CF91A5 /* Vec4.cpp in Sources */,
				1A81EDCD1DBFAF9F00CF91A5 /* GameView.mm in Sources */,
				1A81EE361DC03E5500CF91A5 /* Ref.cpp in Sources */,
				1AE679A71DC1AFF300AA0A0E /* FileSystem.cpp in Sources */,
				1A81EDBA1DBFADA300CF91A5 /* main.m in Sources */,
				1A81EE1F1DBFBF4C00CF91A5 /* Vec3.cpp in Sources */,
				1A81EE161DBFBF4C00CF91A5 /* MathUtil.cpp in Sources */,
				1A81EDB71DBFADA300CF91A5 /* AppDelegate.m in Sources */,
				1A81EE141DBFBF4C00CF91A5 /* Mat4.cpp in Sources */,
				1A81EE1D1DBFBF4C00CF91A5 /* Vec2.cpp in Sources */,
				1A81EE2C1DBFC32900CF91A5 /* Bitmap.cpp in Sources */,
				1A81EE331DBFC98B00CF91A5 /* Mesh.cpp in Sources */,
				1A81EE291DBFC27C00CF91A5 /* Device.cpp in Sources */,
				1A81EE1B1DBFBF4C00CF91A5 /* Quaternion.cpp in Sources */,
				1A81EE261DBFC13900CF91A5 /* Game.cpp in Sources */,
			);
			runOnlyForDeploymentPostprocessing = 0;
		};
/* End PBXSourcesBuildPhase section */

/* Begin PBXVariantGroup section */
		1A81EDBD1DBFADA300CF91A5 /* MainMenu.xib */ = {
			isa = PBXVariantGroup;
			children = (
				1A81EDBE1DBFADA300CF91A5 /* Base */,
			);
			name = MainMenu.xib;
			sourceTree = "<group>";
		};
/* End PBXVariantGroup section */

/* Begin XCBuildConfiguration section */
		1A81EDC11DBFADA300CF91A5 /* Debug */ = {
			isa = XCBuildConfiguration;
			buildSettings = {
				ALWAYS_SEARCH_USER_PATHS = NO;
				CLANG_ANALYZER_NONNULL = YES;
				CLANG_CXX_LANGUAGE_STANDARD = "gnu++0x";
				CLANG_CXX_LIBRARY = "libc++";
				CLANG_ENABLE_MODULES = YES;
				CLANG_ENABLE_OBJC_ARC = YES;
				CLANG_WARN_BOOL_CONVERSION = YES;
				CLANG_WARN_CONSTANT_CONVERSION = YES;
				CLANG_WARN_DIRECT_OBJC_ISA_USAGE = YES_ERROR;
				CLANG_WARN_DOCUMENTATION_COMMENTS = YES;
				CLANG_WARN_EMPTY_BODY = YES;
				CLANG_WARN_ENUM_CONVERSION = YES;
				CLANG_WARN_INFINITE_RECURSION = YES;
				CLANG_WARN_INT_CONVERSION = YES;
				CLANG_WARN_OBJC_ROOT_CLASS = YES_ERROR;
				CLANG_WARN_SUSPICIOUS_MOVES = YES;
				CLANG_WARN_UNREACHABLE_CODE = YES;
				CLANG_WARN__DUPLICATE_METHOD_MATCH = YES;
				CODE_SIGN_IDENTITY = "-";
				COPY_PHASE_STRIP = NO;
				DEBUG_INFORMATION_FORMAT = dwarf;
				ENABLE_STRICT_OBJC_MSGSEND = YES;
				ENABLE_TESTABILITY = YES;
				GCC_C_LANGUAGE_STANDARD = gnu99;
				GCC_DYNAMIC_NO_PIC = NO;
				GCC_NO_COMMON_BLOCKS = YES;
				GCC_OPTIMIZATION_LEVEL = 0;
				GCC_PREPROCESSOR_DEFINITIONS = (
					"DEBUG=1",
					"$(inherited)",
				);
				GCC_WARN_64_TO_32_BIT_CONVERSION = YES;
				GCC_WARN_ABOUT_RETURN_TYPE = YES_ERROR;
				GCC_WARN_UNDECLARED_SELECTOR = YES;
				GCC_WARN_UNINITIALIZED_AUTOS = YES_AGGRESSIVE;
				GCC_WARN_UNUSED_FUNCTION = YES;
				GCC_WARN_UNUSED_VARIABLE = YES;
				MACOSX_DEPLOYMENT_TARGET = 10.12;
				MTL_ENABLE_DEBUG_INFO = YES;
				ONLY_ACTIVE_ARCH = YES;
				SDKROOT = macosx;
			};
			name = Debug;
		};
		1A81EDC21DBFADA300CF91A5 /* Release */ = {
			isa = XCBuildConfiguration;
			buildSettings = {
				ALWAYS_SEARCH_USER_PATHS = NO;
				CLANG_ANALYZER_NONNULL = YES;
				CLANG_CXX_LANGUAGE_STANDARD = "gnu++0x";
				CLANG_CXX_LIBRARY = "libc++";
				CLANG_ENABLE_MODULES = YES;
				CLANG_ENABLE_OBJC_ARC = YES;
				CLANG_WARN_BOOL_CONVERSION = YES;
				CLANG_WARN_CONSTANT_CONVERSION = YES;
				CLANG_WARN_DIRECT_OBJC_ISA_USAGE = YES_ERROR;
				CLANG_WARN_DOCUMENTATION_COMMENTS = YES;
				CLANG_WARN_EMPTY_BODY = YES;
				CLANG_WARN_ENUM_CONVERSION = YES;
				CLANG_WARN_INFINITE_RECURSION = YES;
				CLANG_WARN_INT_CONVERSION = YES;
				CLANG_WARN_OBJC_ROOT_CLASS = YES_ERROR;
				CLANG_WARN_SUSPICIOUS_MOVES = YES;
				CLANG_WARN_UNREACHABLE_CODE = YES;
				CLANG_WARN__DUPLICATE_METHOD_MATCH = YES;
				CODE_SIGN_IDENTITY = "-";
				COPY_PHASE_STRIP = NO;
				DEBUG_INFORMATION_FORMAT = "dwarf-with-dsym";
				ENABLE_NS_ASSERTIONS = NO;
				ENABLE_STRICT_OBJC_MSGSEND = YES;
				GCC_C_LANGUAGE_STANDARD = gnu99;
				GCC_NO_COMMON_BLOCKS = YES;
				GCC_WARN_64_TO_32_BIT_CONVERSION = YES;
				GCC_WARN_ABOUT_RETURN_TYPE = YES_ERROR;
				GCC_WARN_UNDECLARED_SELECTOR = YES;
				GCC_WARN_UNINITIALIZED_AUTOS = YES_AGGRESSIVE;
				GCC_WARN_UNUSED_FUNCTION = YES;
				GCC_WARN_UNUSED_VARIABLE = YES;
				MACOSX_DEPLOYMENT_TARGET = 10.12;
				MTL_ENABLE_DEBUG_INFO = NO;
				SDKROOT = macosx;
			};
			name = Release;
		};
		1A81EDC41DBFADA300CF91A5 /* Debug */ = {
			isa = XCBuildConfiguration;
			buildSettings = {
				ALWAYS_SEARCH_USER_PATHS = YES;
				ASSETCATALOG_COMPILER_APPICON_NAME = AppIcon;
				COMBINE_HIDPI_IMAGES = YES;
				INFOPLIST_FILE = SWGameEngine/Info.plist;
				LD_RUNPATH_SEARCH_PATHS = "$(inherited) @executable_path/../Frameworks";
				PRODUCT_BUNDLE_IDENTIFIER = org.software.gameengine.SWGameEngine;
				PRODUCT_NAME = "$(TARGET_NAME)";
				USER_HEADER_SEARCH_PATHS = "$(SRCROOT)";
			};
			name = Debug;
		};
		1A81EDC51DBFADA300CF91A5 /* Release */ = {
			isa = XCBuildConfiguration;
			buildSettings = {
				ALWAYS_SEARCH_USER_PATHS = YES;
				ASSETCATALOG_COMPILER_APPICON_NAME = AppIcon;
				COMBINE_HIDPI_IMAGES = YES;
				INFOPLIST_FILE = SWGameEngine/Info.plist;
				LD_RUNPATH_SEARCH_PATHS = "$(inherited) @executable_path/../Frameworks";
				PRODUCT_BUNDLE_IDENTIFIER = org.software.gameengine.SWGameEngine;
				PRODUCT_NAME = "$(TARGET_NAME)";
				USER_HEADER_SEARCH_PATHS = "$(SRCROOT)";
			};
			name = Release;
		};
/* End XCBuildConfiguration section */

/* Begin XCConfigurationList section */
		1A81EDAD1DBFADA300CF91A5 /* Build configuration list for PBXProject "SWGameEngine" */ = {
			isa = XCConfigurationList;
			buildConfigurations = (
				1A81EDC11DBFADA300CF91A5 /* Debug */,
				1A81EDC21DBFADA300CF91A5 /* Release */,
			);
			defaultConfigurationIsVisible = 0;
			defaultConfigurationName = Release;
		};
		1A81EDC31DBFADA300CF91A5 /* Build configuration list for PBXNativeTarget "SWGameEngine" */ = {
			isa = XCConfigurationList;
			buildConfigurations = (
				1A81EDC41DBFADA300CF91A5 /* Debug */,
				1A81EDC51DBFADA300CF91A5 /* Release */,
			);
			defaultConfigurationIsVisible = 0;
			defaultConfigurationName = Release;
		};
/* End XCConfigurationList section */
	};
	rootObject = 1A81EDAA1DBFADA300CF91A5 /* Project object */;
}
